
Microsoft Visual Studio Solution File, Format Version 12.00
# Visual Studio Version 17
VisualStudioVersion = 17.0.31717.71
MinimumVisualStudioVersion = 10.0.40219.1
Project("{FAE04EC0-301F-11D3-BF4B-00C04F79EFBC}") = "dotcore-api-minimal", "dotcore-api-minimal\dotcore-api-minimal.csproj", "{D997ED02-EB67-48A2-8B7F-E65A01A807B8}"
EndProject
Global
	GlobalSection(SolutionConfigurationPlatforms) = preSolution
		Debug|Any CPU = Debug|Any CPU
		Release|Any CPU = Release|Any CPU
	EndGlobalSection
	GlobalSection(ProjectConfigurationPlatforms) = postSolution
		{D997ED02-EB67-48A2-8B7F-E65A01A807B8}.Debug|Any CPU.ActiveCfg = Debug|Any CPU
		{D997ED02-EB67-48A2-8B7F-E65A01A807B8}.Debug|Any CPU.Build.0 = Debug|Any CPU
		{D997ED02-EB67-48A2-8B7F-E65A01A807B8}.Release|Any CPU.ActiveCfg = Release|Any CPU
		{D997ED02-EB67-48A2-8B7F-E65A01A807B8}.Release|Any CPU.Build.0 = Release|Any CPU
	EndGlobalSection
	GlobalSection(SolutionProperties) = preSolution
		HideSolutionNode = FALSE
	EndGlobalSection
	GlobalSection(ExtensibilityGlobals) = postSolution
		SolutionGuid = {093A9961-194A-4759-9B3D-96ADBFB26DF0}
	EndGlobalSection
EndGlobal
